// !$*UTF8*$!
{
	archiveVersion = 1;
	classes = {
	};
	objectVersion = 56;
	objects = {

/* Begin PBXBuildFile section */
		9397A22929D528C800FD1807 /* AppDelegate.swift in Sources */ = {isa = PBXBuildFile; fileRef = 9397A22829D528C800FD1807 /* AppDelegate.swift */; };
		9397A22B29D528C800FD1807 /* SceneDelegate.swift in Sources */ = {isa = PBXBuildFile; fileRef = 9397A22A29D528C800FD1807 /* SceneDelegate.swift */; };
		9397A22D29D528C800FD1807 /* ViewController.swift in Sources */ = {isa = PBXBuildFile; fileRef = 9397A22C29D528C800FD1807 /* ViewController.swift */; };
		9397A23029D528C800FD1807 /* Main.storyboard in Resources */ = {isa = PBXBuildFile; fileRef = 9397A22E29D528C800FD1807 /* Main.storyboard */; };
		9397A23229D528CA00FD1807 /* Assets.xcassets in Resources */ = {isa = PBXBuildFile; fileRef = 9397A23129D528CA00FD1807 /* Assets.xcassets */; };
		9397A23529D528CA00FD1807 /* LaunchScreen.storyboard in Resources */ = {isa = PBXBuildFile; fileRef = 9397A23329D528CA00FD1807 /* LaunchScreen.storyboard */; };
		9397A24E29D52C6500FD1807 /* SnapKit-Dynamic in Frameworks */ = {isa = PBXBuildFile; productRef = 9397A24D29D52C6500FD1807 /* SnapKit-Dynamic */; };
		9397A24F29D52D4200FD1807 /* SnapKit-Dynamic in Embed Frameworks */ = {isa = PBXBuildFile; productRef = 9397A24D29D52C6500FD1807 /* SnapKit-Dynamic */; settings = {ATTRIBUTES = (CodeSignOnCopy, ); }; };
		9397A25229D52E3200FD1807 /* Feature.swift in Sources */ = {isa = PBXBuildFile; fileRef = 9397A25129D52E3200FD1807 /* Feature.swift */; };
		9397A25529D52FD000FD1807 /* Then in Frameworks */ = {isa = PBXBuildFile; productRef = 9397A25429D52FD000FD1807 /* Then */; };
		9397A25729D530D800FD1807 /* ButtonViewController.swift in Sources */ = {isa = PBXBuildFile; fileRef = 9397A25629D530D800FD1807 /* ButtonViewController.swift */; };
		9397A25A29D5332A00FD1807 /* CPFUIKit in Frameworks */ = {isa = PBXBuildFile; productRef = 9397A25929D5332A00FD1807 /* CPFUIKit */; };
		93A53FCF29DBCBD200587DB5 /* UIColor+Hex.swift in Sources */ = {isa = PBXBuildFile; fileRef = 93A53FCE29DBCBD200587DB5 /* UIColor+Hex.swift */; };
/* End PBXBuildFile section */

/* Begin PBXCopyFilesBuildPhase section */
		9397A25029D52D4200FD1807 /* Embed Frameworks */ = {
			isa = PBXCopyFilesBuildPhase;
			buildActionMask = 2147483647;
			dstPath = "";
			dstSubfolderSpec = 10;
			files = (
				9397A24F29D52D4200FD1807 /* SnapKit-Dynamic in Embed Frameworks */,
			);
			name = "Embed Frameworks";
			runOnlyForDeploymentPostprocessing = 0;
		};
/* End PBXCopyFilesBuildPhase section */

/* Begin PBXFileReference section */
		9397A22529D528C800FD1807 /* Demo.app */ = {isa = PBXFileReference; explicitFileType = wrapper.application; includeInIndex = 0; path = Demo.app; sourceTree = BUILT_PRODUCTS_DIR; };
		9397A22829D528C800FD1807 /* AppDelegate.swift */ = {isa = PBXFileReference; lastKnownFileType = sourcecode.swift; path = AppDelegate.swift; sourceTree = "<group>"; };
		9397A22A29D528C800FD1807 /* SceneDelegate.swift */ = {isa = PBXFileReference; lastKnownFileType = sourcecode.swift; path = SceneDelegate.swift; sourceTree = "<group>"; };
		9397A22C29D528C800FD1807 /* ViewController.swift */ = {isa = PBXFileReference; lastKnownFileType = sourcecode.swift; path = ViewController.swift; sourceTree = "<group>"; };
		9397A22F29D528C800FD1807 /* Base */ = {isa = PBXFileReference; lastKnownFileType = file.storyboard; name = Base; path = Base.lproj/Main.storyboard; sourceTree = "<group>"; };
		9397A23129D528CA00FD1807 /* Assets.xcassets */ = {isa = PBXFileReference; lastKnownFileType = folder.assetcatalog; path = Assets.xcassets; sourceTree = "<group>"; };
		9397A23429D528CA00FD1807 /* Base */ = {isa = PBXFileReference; lastKnownFileType = file.storyboard; name = Base; path = Base.lproj/LaunchScreen.storyboard; sourceTree = "<group>"; };
		9397A23629D528CA00FD1807 /* Info.plist */ = {isa = PBXFileReference; lastKnownFileType = text.plist.xml; path = Info.plist; sourceTree = "<group>"; };
		9397A24B29D529A000FD1807 /* CPFUIKit */ = {isa = PBXFileReference; lastKnownFileType = wrapper; name = CPFUIKit; path = ..; sourceTree = "<group>"; };
		9397A25129D52E3200FD1807 /* Feature.swift */ = {isa = PBXFileReference; lastKnownFileType = sourcecode.swift; path = Feature.swift; sourceTree = "<group>"; };
		9397A25629D530D800FD1807 /* ButtonViewController.swift */ = {isa = PBXFileReference; lastKnownFileType = sourcecode.swift; path = ButtonViewController.swift; sourceTree = "<group>"; };
		93A53FCE29DBCBD200587DB5 /* UIColor+Hex.swift */ = {isa = PBXFileReference; lastKnownFileType = sourcecode.swift; path = "UIColor+Hex.swift"; sourceTree = "<group>"; };
/* End PBXFileReference section */

/* Begin PBXFrameworksBuildPhase section */
		9397A22229D528C800FD1807 /* Frameworks */ = {
			isa = PBXFrameworksBuildPhase;
			buildActionMask = 2147483647;
			files = (
				9397A24E29D52C6500FD1807 /* SnapKit-Dynamic in Frameworks */,
				9397A25A29D5332A00FD1807 /* CPFUIKit in Frameworks */,
				9397A25529D52FD000FD1807 /* Then in Frameworks */,
			);
			runOnlyForDeploymentPostprocessing = 0;
		};
/* End PBXFrameworksBuildPhase section */

/* Begin PBXGroup section */
		9397A21C29D528C800FD1807 = {
			isa = PBXGroup;
			children = (
				9397A24A29D529A000FD1807 /* Packages */,
				9397A22729D528C800FD1807 /* Demo */,
				9397A22629D528C800FD1807 /* Products */,
				9397A25829D5332A00FD1807 /* Frameworks */,
			);
			sourceTree = "<group>";
		};
		9397A22629D528C800FD1807 /* Products */ = {
			isa = PBXGroup;
			children = (
				9397A22529D528C800FD1807 /* Demo.app */,
			);
			name = Products;
			sourceTree = "<group>";
		};
		9397A22729D528C800FD1807 /* Demo */ = {
			isa = PBXGroup;
			children = (
				9397A22829D528C800FD1807 /* AppDelegate.swift */,
				9397A22A29D528C800FD1807 /* SceneDelegate.swift */,
				9397A22C29D528C800FD1807 /* ViewController.swift */,
				9397A25629D530D800FD1807 /* ButtonViewController.swift */,
				93A53FCE29DBCBD200587DB5 /* UIColor+Hex.swift */,
				9397A25129D52E3200FD1807 /* Feature.swift */,
				9397A22E29D528C800FD1807 /* Main.storyboard */,
				9397A23129D528CA00FD1807 /* Assets.xcassets */,
				9397A23329D528CA00FD1807 /* LaunchScreen.storyboard */,
				9397A23629D528CA00FD1807 /* Info.plist */,
			);
			path = Demo;
			sourceTree = "<group>";
		};
		9397A24A29D529A000FD1807 /* Packages */ = {
			isa = PBXGroup;
			children = (
				9397A24B29D529A000FD1807 /* CPFUIKit */,
			);
			name = Packages;
			sourceTree = "<group>";
		};
		9397A25829D5332A00FD1807 /* Frameworks */ = {
			isa = PBXGroup;
			children = (
			);
			name = Frameworks;
			sourceTree = "<group>";
		};
/* End PBXGroup section */

/* Begin PBXNativeTarget section */
		9397A22429D528C800FD1807 /* Demo */ = {
			isa = PBXNativeTarget;
			buildConfigurationList = 9397A23929D528CA00FD1807 /* Build configuration list for PBXNativeTarget "Demo" */;
			buildPhases = (
				9397A22129D528C800FD1807 /* Sources */,
				9397A22229D528C800FD1807 /* Frameworks */,
				9397A22329D528C800FD1807 /* Resources */,
				9397A25029D52D4200FD1807 /* Embed Frameworks */,
			);
			buildRules = (
			);
			dependencies = (
			);
			name = Demo;
			packageProductDependencies = (
				9397A24D29D52C6500FD1807 /* SnapKit-Dynamic */,
				9397A25429D52FD000FD1807 /* Then */,
				9397A25929D5332A00FD1807 /* CPFUIKit */,
			);
			productName = Demo;
			productReference = 9397A22529D528C800FD1807 /* Demo.app */;
			productType = "com.apple.product-type.application";
		};
/* End PBXNativeTarget section */

/* Begin PBXProject section */
		9397A21D29D528C800FD1807 /* Project object */ = {
			isa = PBXProject;
			attributes = {
				BuildIndependentTargetsInParallel = 1;
				LastSwiftUpdateCheck = 1410;
				LastUpgradeCheck = 1410;
				TargetAttributes = {
					9397A22429D528C800FD1807 = {
						CreatedOnToolsVersion = 14.1;
					};
				};
			};
			buildConfigurationList = 9397A22029D528C800FD1807 /* Build configuration list for PBXProject "Demo" */;
			compatibilityVersion = "Xcode 14.0";
			developmentRegion = en;
			hasScannedForEncodings = 0;
			knownRegions = (
				en,
				Base,
			);
			mainGroup = 9397A21C29D528C800FD1807;
			packageReferences = (
				9397A24C29D52C6500FD1807 /* XCRemoteSwiftPackageReference "SnapKit" */,
				9397A25329D52FD000FD1807 /* XCRemoteSwiftPackageReference "Then" */,
			);
			productRefGroup = 9397A22629D528C800FD1807 /* Products */;
			projectDirPath = "";
			projectRoot = "";
			targets = (
				9397A22429D528C800FD1807 /* Demo */,
			);
		};
/* End PBXProject section */

/* Begin PBXResourcesBuildPhase section */
		9397A22329D528C800FD1807 /* Resources */ = {
			isa = PBXResourcesBuildPhase;
			buildActionMask = 2147483647;
			files = (
				9397A23529D528CA00FD1807 /* LaunchScreen.storyboard in Resources */,
				9397A23229D528CA00FD1807 /* Assets.xcassets in Resources */,
				9397A23029D528C800FD1807 /* Main.storyboard in Resources */,
			);
			runOnlyForDeploymentPostprocessing = 0;
		};
/* End PBXResourcesBuildPhase section */

/* Begin PBXSourcesBuildPhase section */
		9397A22129D528C800FD1807 /* Sources */ = {
			isa = PBXSourcesBuildPhase;
			buildActionMask = 2147483647;
			files = (
				9397A25229D52E3200FD1807 /* Feature.swift in Sources */,
				9397A22D29D528C800FD1807 /* ViewController.swift in Sources */,
				9397A22929D528C800FD1807 /* AppDelegate.swift in Sources */,
				93A53FCF29DBCBD200587DB5 /* UIColor+Hex.swift in Sources */,
				9397A25729D530D800FD1807 /* ButtonViewController.swift in Sources */,
				9397A22B29D528C800FD1807 /* SceneDelegate.swift in Sources */,
			);
			runOnlyForDeploymentPostprocessing = 0;
		};
/* End PBXSourcesBuildPhase section */

/* Begin PBXVariantGroup section */
		9397A22E29D528C800FD1807 /* Main.storyboard */ = {
			isa = PBXVariantGroup;
			children = (
				9397A22F29D528C800FD1807 /* Base */,
			);
			name = Main.storyboard;
			sourceTree = "<group>";
		};
		9397A23329D528CA00FD1807 /* LaunchScreen.storyboard */ = {
			isa = PBXVariantGroup;
			children = (
				9397A23429D528CA00FD1807 /* Base */,
			);
			name = LaunchScreen.storyboard;
			sourceTree = "<group>";
		};
/* End PBXVariantGroup section */

/* Begin XCBuildConfiguration section */
		9397A23729D528CA00FD1807 /* Debug */ = {
			isa = XCBuildConfiguration;
			buildSettings = {
				ALWAYS_SEARCH_USER_PATHS = NO;
				CLANG_ANALYZER_NONNULL = YES;
				CLANG_ANALYZER_NUMBER_OBJECT_CONVERSION = YES_AGGRESSIVE;
				CLANG_CXX_LANGUAGE_STANDARD = "gnu++20";
				CLANG_ENABLE_MODULES = YES;
				CLANG_ENABLE_OBJC_ARC = YES;
				CLANG_ENABLE_OBJC_WEAK = YES;
				CLANG_WARN_BLOCK_CAPTURE_AUTORELEASING = YES;
				CLANG_WARN_BOOL_CONVERSION = YES;
				CLANG_WARN_COMMA = YES;
				CLANG_WARN_CONSTANT_CONVERSION = YES;
				CLANG_WARN_DEPRECATED_OBJC_IMPLEMENTATIONS = YES;
				CLANG_WARN_DIRECT_OBJC_ISA_USAGE = YES_ERROR;
				CLANG_WARN_DOCUMENTATION_COMMENTS = YES;
				CLANG_WARN_EMPTY_BODY = YES;
				CLANG_WARN_ENUM_CONVERSION = YES;
				CLANG_WARN_INFINITE_RECURSION = YES;
				CLANG_WARN_INT_CONVERSION = YES;
				CLANG_WARN_NON_LITERAL_NULL_CONVERSION = YES;
				CLANG_WARN_OBJC_IMPLICIT_RETAIN_SELF = YES;
				CLANG_WARN_OBJC_LITERAL_CONVERSION = YES;
				CLANG_WARN_OBJC_ROOT_CLASS = YES_ERROR;
				CLANG_WARN_QUOTED_INCLUDE_IN_FRAMEWORK_HEADER = YES;
				CLANG_WARN_RANGE_LOOP_ANALYSIS = YES;
				CLANG_WARN_STRICT_PROTOTYPES = YES;
				CLANG_WARN_SUSPICIOUS_MOVE = YES;
				CLANG_WARN_UNGUARDED_AVAILABILITY = YES_AGGRESSIVE;
				CLANG_WARN_UNREACHABLE_CODE = YES;
				CLANG_WARN__DUPLICATE_METHOD_MATCH = YES;
				COPY_PHASE_STRIP = NO;
				DEBUG_INFORMATION_FORMAT = dwarf;
				ENABLE_STRICT_OBJC_MSGSEND = YES;
				ENABLE_TESTABILITY = YES;
				GCC_C_LANGUAGE_STANDARD = gnu11;
				GCC_DYNAMIC_NO_PIC = NO;
				GCC_NO_COMMON_BLOCKS = YES;
				GCC_OPTIMIZATION_LEVEL = 0;
				GCC_PREPROCESSOR_DEFINITIONS = (
					"DEBUG=1",
					"$(inherited)",
				);
				GCC_WARN_64_TO_32_BIT_CONVERSION = YES;
				GCC_WARN_ABOUT_RETURN_TYPE = YES_ERROR;
				GCC_WARN_UNDECLARED_SELECTOR = YES;
				GCC_WARN_UNINITIALIZED_AUTOS = YES_AGGRESSIVE;
				GCC_WARN_UNUSED_FUNCTION = YES;
				GCC_WARN_UNUSED_VARIABLE = YES;
				IPHONEOS_DEPLOYMENT_TARGET = 16.1;
				MTL_ENABLE_DEBUG_INFO = INCLUDE_SOURCE;
				MTL_FAST_MATH = YES;
				ONLY_ACTIVE_ARCH = YES;
				SDKROOT = iphoneos;
				SWIFT_ACTIVE_COMPILATION_CONDITIONS = DEBUG;
				SWIFT_OPTIMIZATION_LEVEL = "-Onone";
			};
			name = Debug;
		};
		9397A23829D528CA00FD1807 /* Release */ = {
			isa = XCBuildConfiguration;
			buildSettings = {
				ALWAYS_SEARCH_USER_PATHS = NO;
				CLANG_ANALYZER_NONNULL = YES;
				CLANG_ANALYZER_NUMBER_OBJECT_CONVERSION = YES_AGGRESSIVE;
				CLANG_CXX_LANGUAGE_STANDARD = "gnu++20";
				CLANG_ENABLE_MODULES = YES;
				CLANG_ENABLE_OBJC_ARC = YES;
				CLANG_ENABLE_OBJC_WEAK = YES;
				CLANG_WARN_BLOCK_CAPTURE_AUTORELEASING = YES;
				CLANG_WARN_BOOL_CONVERSION = YES;
				CLANG_WARN_COMMA = YES;
				CLANG_WARN_CONSTANT_CONVERSION = YES;
				CLANG_WARN_DEPRECATED_OBJC_IMPLEMENTATIONS = YES;
				CLANG_WARN_DIRECT_OBJC_ISA_USAGE = YES_ERROR;
				CLANG_WARN_DOCUMENTATION_COMMENTS = YES;
				CLANG_WARN_EMPTY_BODY = YES;
				CLANG_WARN_ENUM_CONVERSION = YES;
				CLANG_WARN_INFINITE_RECURSION = YES;
				CLANG_WARN_INT_CONVERSION = YES;
				CLANG_WARN_NON_LITERAL_NULL_CONVERSION = YES;
				CLANG_WARN_OBJC_IMPLICIT_RETAIN_SELF = YES;
				CLANG_WARN_OBJC_LITERAL_CONVERSION = YES;
				CLANG_WARN_OBJC_ROOT_CLASS = YES_ERROR;
				CLANG_WARN_QUOTED_INCLUDE_IN_FRAMEWORK_HEADER = YES;
				CLANG_WARN_RANGE_LOOP_ANALYSIS = YES;
				CLANG_WARN_STRICT_PROTOTYPES = YES;
				CLANG_WARN_SUSPICIOUS_MOVE = YES;
				CLANG_WARN_UNGUARDED_AVAILABILITY = YES_AGGRESSIVE;
				CLANG_WARN_UNREACHABLE_CODE = YES;
				CLANG_WARN__DUPLICATE_METHOD_MATCH = YES;
				COPY_PHASE_STRIP = NO;
				DEBUG_INFORMATION_FORMAT = "dwarf-with-dsym";
				ENABLE_NS_ASSERTIONS = NO;
				ENABLE_STRICT_OBJC_MSGSEND = YES;
				GCC_C_LANGUAGE_STANDARD = gnu11;
				GCC_NO_COMMON_BLOCKS = YES;
				GCC_WARN_64_TO_32_BIT_CONVERSION = YES;
				GCC_WARN_ABOUT_RETURN_TYPE = YES_ERROR;
				GCC_WARN_UNDECLARED_SELECTOR = YES;
				GCC_WARN_UNINITIALIZED_AUTOS = YES_AGGRESSIVE;
				GCC_WARN_UNUSED_FUNCTION = YES;
				GCC_WARN_UNUSED_VARIABLE = YES;
				IPHONEOS_DEPLOYMENT_TARGET = 16.1;
				MTL_ENABLE_DEBUG_INFO = NO;
				MTL_FAST_MATH = YES;
				SDKROOT = iphoneos;
				SWIFT_COMPILATION_MODE = wholemodule;
				SWIFT_OPTIMIZATION_LEVEL = "-O";
				VALIDATE_PRODUCT = YES;
			};
			name = Release;
		};
		9397A23A29D528CA00FD1807 /* Debug */ = {
			isa = XCBuildConfiguration;
			buildSettings = {
				ASSETCATALOG_COMPILER_APPICON_NAME = AppIcon;
				ASSETCATALOG_COMPILER_GLOBAL_ACCENT_COLOR_NAME = AccentColor;
				CODE_SIGN_STYLE = Automatic;
				CURRENT_PROJECT_VERSION = 1;
				DEVELOPMENT_TEAM = 628CHGGHXP;
				GENERATE_INFOPLIST_FILE = YES;
				INFOPLIST_FILE = Demo/Info.plist;
				INFOPLIST_KEY_UIApplicationSupportsIndirectInputEvents = YES;
				INFOPLIST_KEY_UILaunchStoryboardName = LaunchScreen;
				INFOPLIST_KEY_UIMainStoryboardFile = Main;
				INFOPLIST_KEY_UISupportedInterfaceOrientations_iPad = "UIInterfaceOrientationPortrait UIInterfaceOrientationPortraitUpsideDown UIInterfaceOrientationLandscapeLeft UIInterfaceOrientationLandscapeRight";
				INFOPLIST_KEY_UISupportedInterfaceOrientations_iPhone = "UIInterfaceOrientationPortrait UIInterfaceOrientationLandscapeLeft UIInterfaceOrientationLandscapeRight";
				IPHONEOS_DEPLOYMENT_TARGET = 13.0;
				LD_RUNPATH_SEARCH_PATHS = (
					"$(inherited)",
					"@executable_path/Frameworks",
				);
				MARKETING_VERSION = 1.0;
				PRODUCT_BUNDLE_IDENTIFIER = com.cpf.Demo;
				PRODUCT_NAME = "$(TARGET_NAME)";
				SWIFT_EMIT_LOC_STRINGS = YES;
				SWIFT_VERSION = 5.0;
				TARGETED_DEVICE_FAMILY = "1,2";
			};
			name = Debug;
		};
		9397A23B29D528CA00FD1807 /* Release */ = {
			isa = XCBuildConfiguration;
			buildSettings = {
				ASSETCATALOG_COMPILER_APPICON_NAME = AppIcon;
				ASSETCATALOG_COMPILER_GLOBAL_ACCENT_COLOR_NAME = AccentColor;
				CODE_SIGN_STYLE = Automatic;
				CURRENT_PROJECT_VERSION = 1;
				DEVELOPMENT_TEAM = 628CHGGHXP;
				GENERATE_INFOPLIST_FILE = YES;
				INFOPLIST_FILE = Demo/Info.plist;
				INFOPLIST_KEY_UIApplicationSupportsIndirectInputEvents = YES;
				INFOPLIST_KEY_UILaunchStoryboardName = LaunchScreen;
				INFOPLIST_KEY_UIMainStoryboardFile = Main;
				INFOPLIST_KEY_UISupportedInterfaceOrientations_iPad = "UIInterfaceOrientationPortrait UIInterfaceOrientationPortraitUpsideDown UIInterfaceOrientationLandscapeLeft UIInterfaceOrientationLandscapeRight";
				INFOPLIST_KEY_UISupportedInterfaceOrientations_iPhone = "UIInterfaceOrientationPortrait UIInterfaceOrientationLandscapeLeft UIInterfaceOrientationLandscapeRight";
				IPHONEOS_DEPLOYMENT_TARGET = 13.0;
				LD_RUNPATH_SEARCH_PATHS = (
					"$(inherited)",
					"@executable_path/Frameworks",
				);
				MARKETING_VERSION = 1.0;
				PRODUCT_BUNDLE_IDENTIFIER = com.cpf.Demo;
				PRODUCT_NAME = "$(TARGET_NAME)";
				SWIFT_EMIT_LOC_STRINGS = YES;
				SWIFT_VERSION = 5.0;
				TARGETED_DEVICE_FAMILY = "1,2";
			};
			name = Release;
		};
/* End XCBuildConfiguration section */

/* Begin XCConfigurationList section */
		9397A22029D528C800FD1807 /* Build configuration list for PBXProject "Demo" */ = {
			isa = XCConfigurationList;
			buildConfigurations = (
				9397A23729D528CA00FD1807 /* Debug */,
				9397A23829D528CA00FD1807 /* Release */,
			);
			defaultConfigurationIsVisible = 0;
			defaultConfigurationName = Release;
		};
		9397A23929D528CA00FD1807 /* Build configuration list for PBXNativeTarget "Demo" */ = {
			isa = XCConfigurationList;
			buildConfigurations = (
				9397A23A29D528CA00FD1807 /* Debug */,
				9397A23B29D528CA00FD1807 /* Release */,
			);
			defaultConfigurationIsVisible = 0;
			defaultConfigurationName = Release;
		};
/* End XCConfigurationList section */

/* Begin XCRemoteSwiftPackageReference section */
		9397A24C29D52C6500FD1807 /* XCRemoteSwiftPackageReference "SnapKit" */ = {
			isa = XCRemoteSwiftPackageReference;
			repositoryURL = "https://github.com/SnapKit/SnapKit";
			requirement = {
				kind = upToNextMajorVersion;
				minimumVersion = 5.0.0;
			};
		};
		9397A25329D52FD000FD1807 /* XCRemoteSwiftPackageReference "Then" */ = {
			isa = XCRemoteSwiftPackageReference;
			repositoryURL = "https://github.com/devxoul/Then";
			requirement = {
				kind = upToNextMajorVersion;
				minimumVersion = 3.0.0;
			};
		};
/* End XCRemoteSwiftPackageReference section */

/* Begin XCSwiftPackageProductDependency section */
		9397A24D29D52C6500FD1807 /* SnapKit-Dynamic */ = {
			isa = XCSwiftPackageProductDependency;
			package = 9397A24C29D52C6500FD1807 /* XCRemoteSwiftPackageReference "SnapKit" */;
			productName = "SnapKit-Dynamic";
		};
		9397A25429D52FD000FD1807 /* Then */ = {
			isa = XCSwiftPackageProductDependency;
			package = 9397A25329D52FD000FD1807 /* XCRemoteSwiftPackageReference "Then" */;
			productName = Then;
		};
		9397A25929D5332A00FD1807 /* CPFUIKit */ = {
			isa = XCSwiftPackageProductDependency;
			productName = CPFUIKit;
		};
/* End XCSwiftPackageProductDependency section */
	};
	rootObject = 9397A21D29D528C800FD1807 /* Project object */;
}
